// !$*UTF8*$!
{
	archiveVersion = 1;
	classes = {
	};
	objectVersion = 56;
	objects = {

/* Begin PBXBuildFile section */
		B52AAC8C2AD559D700BE3FDE /* AppDelegate.swift in Sources */ = {isa = PBXBuildFile; fileRef = B52AAC8B2AD559D700BE3FDE /* AppDelegate.swift */; };
		B52AAC902AD559D700BE3FDE /* ViewController.swift in Sources */ = {isa = PBXBuildFile; fileRef = B52AAC8F2AD559D700BE3FDE /* ViewController.swift */; };
		B52AAC952AD559D800BE3FDE /* Assets.xcassets in Resources */ = {isa = PBXBuildFile; fileRef = B52AAC942AD559D800BE3FDE /* Assets.xcassets */; };
		B52AAC982AD559D800BE3FDE /* LaunchScreen.storyboard in Resources */ = {isa = PBXBuildFile; fileRef = B52AAC962AD559D800BE3FDE /* LaunchScreen.storyboard */; };
		B52AACA32AD559D800BE3FDE /* TeladocRJTests.swift in Sources */ = {isa = PBXBuildFile; fileRef = B52AACA22AD559D800BE3FDE /* TeladocRJTests.swift */; };
/* End PBXBuildFile section */

/* Begin PBXContainerItemProxy section */
		B52AAC9F2AD559D800BE3FDE /* PBXContainerItemProxy */ = {
			isa = PBXContainerItemProxy;
			containerPortal = B52AAC802AD559D700BE3FDE /* Project object */;
			proxyType = 1;
			remoteGlobalIDString = B52AAC872AD559D700BE3FDE;
			remoteInfo = TeladocRJ;
		};
		B52AACA92AD559D800BE3FDE /* PBXContainerItemProxy */ = {
			isa = PBXContainerItemProxy;
			containerPortal = B52AAC802AD559D700BE3FDE /* Project object */;
			proxyType = 1;
			remoteGlobalIDString = B52AAC872AD559D700BE3FDE;
			remoteInfo = TeladocRJ;
		};
/* End PBXContainerItemProxy section */

/* Begin PBXFileReference section */
		B52AAC882AD559D700BE3FDE /* TeladocRJ.app */ = {isa = PBXFileReference; explicitFileType = wrapper.application; includeInIndex = 0; path = TeladocRJ.app; sourceTree = BUILT_PRODUCTS_DIR; };
		B52AAC8B2AD559D700BE3FDE /* AppDelegate.swift */ = {isa = PBXFileReference; lastKnownFileType = sourcecode.swift; path = AppDelegate.swift; sourceTree = "<group>"; };
		B52AAC8F2AD559D700BE3FDE /* ViewController.swift */ = {isa = PBXFileReference; lastKnownFileType = sourcecode.swift; path = ViewController.swift; sourceTree = "<group>"; };
		B52AAC942AD559D800BE3FDE /* Assets.xcassets */ = {isa = PBXFileReference; lastKnownFileType = folder.assetcatalog; path = Assets.xcassets; sourceTree = "<group>"; };
		B52AAC972AD559D800BE3FDE /* Base */ = {isa = PBXFileReference; lastKnownFileType = file.storyboard; name = Base; path = Base.lproj/LaunchScreen.storyboard; sourceTree = "<group>"; };
		B52AAC992AD559D800BE3FDE /* Info.plist */ = {isa = PBXFileReference; lastKnownFileType = text.plist.xml; path = Info.plist; sourceTree = "<group>"; };
		B52AAC9E2AD559D800BE3FDE /* TeladocRJTests.xctest */ = {isa = PBXFileReference; explicitFileType = wrapper.cfbundle; includeInIndex = 0; path = TeladocRJTests.xctest; sourceTree = BUILT_PRODUCTS_DIR; };
		B52AACA22AD559D800BE3FDE /* TeladocRJTests.swift */ = {isa = PBXFileReference; lastKnownFileType = sourcecode.swift; path = TeladocRJTests.swift; sourceTree = "<group>"; };
		B52AACA82AD559D800BE3FDE /* TeladocRJUITests.xctest */ = {isa = PBXFileReference; explicitFileType = wrapper.cfbundle; includeInIndex = 0; path = TeladocRJUITests.xctest; sourceTree = BUILT_PRODUCTS_DIR; };
/* End PBXFileReference section */

/* Begin PBXFrameworksBuildPhase section */
		B52AAC852AD559D700BE3FDE /* Frameworks */ = {
			isa = PBXFrameworksBuildPhase;
			buildActionMask = 2147483647;
			files = (
			);
			runOnlyForDeploymentPostprocessing = 0;
		};
		B52AAC9B2AD559D800BE3FDE /* Frameworks */ = {
			isa = PBXFrameworksBuildPhase;
			buildActionMask = 2147483647;
			files = (
			);
			runOnlyForDeploymentPostprocessing = 0;
		};
		B52AACA52AD559D800BE3FDE /* Frameworks */ = {
			isa = PBXFrameworksBuildPhase;
			buildActionMask = 2147483647;
			files = (
			);
			runOnlyForDeploymentPostprocessing = 0;
		};
/* End PBXFrameworksBuildPhase section */

/* Begin PBXGroup section */
		B52AAC7F2AD559D700BE3FDE = {
			isa = PBXGroup;
			children = (
				B52AAC8A2AD559D700BE3FDE /* TeladocRJ */,
				B52AACA12AD559D800BE3FDE /* TeladocRJTests */,
				B52AAC892AD559D700BE3FDE /* Products */,
			);
			sourceTree = "<group>";
		};
		B52AAC892AD559D700BE3FDE /* Products */ = {
			isa = PBXGroup;
			children = (
				B52AAC882AD559D700BE3FDE /* TeladocRJ.app */,
				B52AAC9E2AD559D800BE3FDE /* TeladocRJTests.xctest */,
				B52AACA82AD559D800BE3FDE /* TeladocRJUITests.xctest */,
			);
			name = Products;
			sourceTree = "<group>";
		};
		B52AAC8A2AD559D700BE3FDE /* TeladocRJ */ = {
			isa = PBXGroup;
			children = (
				B5D6E5D62AD586230039495F /* Classes */,
				B5D6E5D72AD5863B0039495F /* Resources */,
				B5D6E5D82AD586470039495F /* SupportingFiles */,
			);
			path = TeladocRJ;
			sourceTree = "<group>";
		};
		B52AACA12AD559D800BE3FDE /* TeladocRJTests */ = {
			isa = PBXGroup;
			children = (
				B52AACA22AD559D800BE3FDE /* TeladocRJTests.swift */,
			);
			path = TeladocRJTests;
			sourceTree = "<group>";
		};
		B5D6E5D62AD586230039495F /* Classes */ = {
			isa = PBXGroup;
			children = (
				B5D6E5D92AD586930039495F /* Application */,
				B5D6E5DA2AD586A50039495F /* Presentation */,
				B5D6E5DB2AD586AF0039495F /* Services */,
			);
			path = Classes;
			sourceTree = "<group>";
		};
		B5D6E5D72AD5863B0039495F /* Resources */ = {
			isa = PBXGroup;
			children = (
				B52AAC942AD559D800BE3FDE /* Assets.xcassets */,
				B52AAC962AD559D800BE3FDE /* LaunchScreen.storyboard */,
			);
			path = Resources;
			sourceTree = "<group>";
		};
		B5D6E5D82AD586470039495F /* SupportingFiles */ = {
			isa = PBXGroup;
			children = (
				B52AAC992AD559D800BE3FDE /* Info.plist */,
			);
			path = SupportingFiles;
			sourceTree = "<group>";
		};
		B5D6E5D92AD586930039495F /* Application */ = {
			isa = PBXGroup;
			children = (
				B52AAC8B2AD559D700BE3FDE /* AppDelegate.swift */,
			);
			path = Application;
			sourceTree = "<group>";
		};
		B5D6E5DA2AD586A50039495F /* Presentation */ = {
			isa = PBXGroup;
			children = (
				B52AAC8F2AD559D700BE3FDE /* ViewController.swift */,
			);
			path = Presentation;
			sourceTree = "<group>";
		};
		B5D6E5DB2AD586AF0039495F /* Services */ = {
			isa = PBXGroup;
			children = (
			);
			path = Services;
			sourceTree = "<group>";
		};
/* End PBXGroup section */

/* Begin PBXNativeTarget section */
		B52AAC872AD559D700BE3FDE /* TeladocRJ */ = {
			isa = PBXNativeTarget;
			buildConfigurationList = B52AACB22AD559D800BE3FDE /* Build configuration list for PBXNativeTarget "TeladocRJ" */;
			buildPhases = (
				B52AAC842AD559D700BE3FDE /* Sources */,
				B52AAC852AD559D700BE3FDE /* Frameworks */,
				B52AAC862AD559D700BE3FDE /* Resources */,
			);
			buildRules = (
			);
			dependencies = (
			);
			name = TeladocRJ;
			productName = TeladocRJ;
			productReference = B52AAC882AD559D700BE3FDE /* TeladocRJ.app */;
			productType = "com.apple.product-type.application";
		};
		B52AAC9D2AD559D800BE3FDE /* TeladocRJTests */ = {
			isa = PBXNativeTarget;
			buildConfigurationList = B52AACB52AD559D800BE3FDE /* Build configuration list for PBXNativeTarget "TeladocRJTests" */;
			buildPhases = (
				B52AAC9A2AD559D800BE3FDE /* Sources */,
				B52AAC9B2AD559D800BE3FDE /* Frameworks */,
				B52AAC9C2AD559D800BE3FDE /* Resources */,
			);
			buildRules = (
			);
			dependencies = (
				B52AACA02AD559D800BE3FDE /* PBXTargetDependency */,
			);
			name = TeladocRJTests;
			productName = TeladocRJTests;
			productReference = B52AAC9E2AD559D800BE3FDE /* TeladocRJTests.xctest */;
			productType = "com.apple.product-type.bundle.unit-test";
		};
		B52AACA72AD559D800BE3FDE /* TeladocRJUITests */ = {
			isa = PBXNativeTarget;
			buildConfigurationList = B52AACB82AD559D800BE3FDE /* Build configuration list for PBXNativeTarget "TeladocRJUITests" */;
			buildPhases = (
				B52AACA42AD559D800BE3FDE /* Sources */,
				B52AACA52AD559D800BE3FDE /* Frameworks */,
				B52AACA62AD559D800BE3FDE /* Resources */,
			);
			buildRules = (
			);
			dependencies = (
				B52AACAA2AD559D800BE3FDE /* PBXTargetDependency */,
			);
			name = TeladocRJUITests;
			productName = TeladocRJUITests;
			productReference = B52AACA82AD559D800BE3FDE /* TeladocRJUITests.xctest */;
			productType = "com.apple.product-type.bundle.ui-testing";
		};
/* End PBXNativeTarget section */

/* Begin PBXProject section */
		B52AAC802AD559D700BE3FDE /* Project object */ = {
			isa = PBXProject;
			attributes = {
				BuildIndependentTargetsInParallel = 1;
				LastSwiftUpdateCheck = 1430;
				LastUpgradeCheck = 1430;
				TargetAttributes = {
					B52AAC872AD559D700BE3FDE = {
						CreatedOnToolsVersion = 14.3.1;
					};
					B52AAC9D2AD559D800BE3FDE = {
						CreatedOnToolsVersion = 14.3.1;
						TestTargetID = B52AAC872AD559D700BE3FDE;
					};
					B52AACA72AD559D800BE3FDE = {
						CreatedOnToolsVersion = 14.3.1;
						TestTargetID = B52AAC872AD559D700BE3FDE;
					};
				};
			};
			buildConfigurationList = B52AAC832AD559D700BE3FDE /* Build configuration list for PBXProject "TeladocRJ" */;
			compatibilityVersion = "Xcode 14.0";
			developmentRegion = en;
			hasScannedForEncodings = 0;
			knownRegions = (
				en,
				Base,
			);
			mainGroup = B52AAC7F2AD559D700BE3FDE;
			productRefGroup = B52AAC892AD559D700BE3FDE /* Products */;
			projectDirPath = "";
			projectRoot = "";
			targets = (
				B52AAC872AD559D700BE3FDE /* TeladocRJ */,
				B52AAC9D2AD559D800BE3FDE /* TeladocRJTests */,
				B52AACA72AD559D800BE3FDE /* TeladocRJUITests */,
			);
		};
/* End PBXProject section */

/* Begin PBXResourcesBuildPhase section */
		B52AAC862AD559D700BE3FDE /* Resources */ = {
			isa = PBXResourcesBuildPhase;
			buildActionMask = 2147483647;
			files = (
				B52AAC982AD559D800BE3FDE /* LaunchScreen.storyboard in Resources */,
				B52AAC952AD559D800BE3FDE /* Assets.xcassets in Resources */,
			);
			runOnlyForDeploymentPostprocessing = 0;
		};
		B52AAC9C2AD559D800BE3FDE /* Resources */ = {
			isa = PBXResourcesBuildPhase;
			buildActionMask = 2147483647;
			files = (
			);
			runOnlyForDeploymentPostprocessing = 0;
		};
		B52AACA62AD559D800BE3FDE /* Resources */ = {
			isa = PBXResourcesBuildPhase;
			buildActionMask = 2147483647;
			files = (
			);
			runOnlyForDeploymentPostprocessing = 0;
		};
/* End PBXResourcesBuildPhase section */

/* Begin PBXSourcesBuildPhase section */
		B52AAC842AD559D700BE3FDE /* Sources */ = {
			isa = PBXSourcesBuildPhase;
			buildActionMask = 2147483647;
			files = (
				B52AAC902AD559D700BE3FDE /* ViewController.swift in Sources */,
				B52AAC8C2AD559D700BE3FDE /* AppDelegate.swift in Sources */,
			);
			runOnlyForDeploymentPostprocessing = 0;
		};
		B52AAC9A2AD559D800BE3FDE /* Sources */ = {
			isa = PBXSourcesBuildPhase;
			buildActionMask = 2147483647;
			files = (
				B52AACA32AD559D800BE3FDE /* TeladocRJTests.swift in Sources */,
			);
			runOnlyForDeploymentPostprocessing = 0;
		};
		B52AACA42AD559D800BE3FDE /* Sources */ = {
			isa = PBXSourcesBuildPhase;
			buildActionMask = 2147483647;
			files = (
			);
			runOnlyForDeploymentPostprocessing = 0;
		};
/* End PBXSourcesBuildPhase section */

/* Begin PBXTargetDependency section */
		B52AACA02AD559D800BE3FDE /* PBXTargetDependency */ = {
			isa = PBXTargetDependency;
			target = B52AAC872AD559D700BE3FDE /* TeladocRJ */;
			targetProxy = B52AAC9F2AD559D800BE3FDE /* PBXContainerItemProxy */;
		};
		B52AACAA2AD559D800BE3FDE /* PBXTargetDependency */ = {
			isa = PBXTargetDependency;
			target = B52AAC872AD559D700BE3FDE /* TeladocRJ */;
			targetProxy = B52AACA92AD559D800BE3FDE /* PBXContainerItemProxy */;
		};
/* End PBXTargetDependency section */

/* Begin PBXVariantGroup section */
		B52AAC962AD559D800BE3FDE /* LaunchScreen.storyboard */ = {
			isa = PBXVariantGroup;
			children = (
				B52AAC972AD559D800BE3FDE /* Base */,
			);
			name = LaunchScreen.storyboard;
			sourceTree = "<group>";
		};
/* End PBXVariantGroup section */

/* Begin XCBuildConfiguration section */
		B52AACB02AD559D800BE3FDE /* Debug */ = {
			isa = XCBuildConfiguration;
			buildSettings = {
				ALWAYS_SEARCH_USER_PATHS = NO;
				CLANG_ANALYZER_NONNULL = YES;
				CLANG_ANALYZER_NUMBER_OBJECT_CONVERSION = YES_AGGRESSIVE;
				CLANG_CXX_LANGUAGE_STANDARD = "gnu++20";
				CLANG_ENABLE_MODULES = YES;
				CLANG_ENABLE_OBJC_ARC = YES;
				CLANG_ENABLE_OBJC_WEAK = YES;
				CLANG_WARN_BLOCK_CAPTURE_AUTORELEASING = YES;
				CLANG_WARN_BOOL_CONVERSION = YES;
				CLANG_WARN_COMMA = YES;
				CLANG_WARN_CONSTANT_CONVERSION = YES;
				CLANG_WARN_DEPRECATED_OBJC_IMPLEMENTATIONS = YES;
				CLANG_WARN_DIRECT_OBJC_ISA_USAGE = YES_ERROR;
				CLANG_WARN_DOCUMENTATION_COMMENTS = YES;
				CLANG_WARN_EMPTY_BODY = YES;
				CLANG_WARN_ENUM_CONVERSION = YES;
				CLANG_WARN_INFINITE_RECURSION = YES;
				CLANG_WARN_INT_CONVERSION = YES;
				CLANG_WARN_NON_LITERAL_NULL_CONVERSION = YES;
				CLANG_WARN_OBJC_IMPLICIT_RETAIN_SELF = YES;
				CLANG_WARN_OBJC_LITERAL_CONVERSION = YES;
				CLANG_WARN_OBJC_ROOT_CLASS = YES_ERROR;
				CLANG_WARN_QUOTED_INCLUDE_IN_FRAMEWORK_HEADER = YES;
				CLANG_WARN_RANGE_LOOP_ANALYSIS = YES;
				CLANG_WARN_STRICT_PROTOTYPES = YES;
				CLANG_WARN_SUSPICIOUS_MOVE = YES;
				CLANG_WARN_UNGUARDED_AVAILABILITY = YES_AGGRESSIVE;
				CLANG_WARN_UNREACHABLE_CODE = YES;
				CLANG_WARN__DUPLICATE_METHOD_MATCH = YES;
				COPY_PHASE_STRIP = NO;
				DEBUG_INFORMATION_FORMAT = dwarf;
				ENABLE_STRICT_OBJC_MSGSEND = YES;
				ENABLE_TESTABILITY = YES;
				GCC_C_LANGUAGE_STANDARD = gnu11;
				GCC_DYNAMIC_NO_PIC = NO;
				GCC_NO_COMMON_BLOCKS = YES;
				GCC_OPTIMIZATION_LEVEL = 0;
				GCC_PREPROCESSOR_DEFINITIONS = (
					"DEBUG=1",
					"$(inherited)",
				);
				GCC_WARN_64_TO_32_BIT_CONVERSION = YES;
				GCC_WARN_ABOUT_RETURN_TYPE = YES_ERROR;
				GCC_WARN_UNDECLARED_SELECTOR = YES;
				GCC_WARN_UNINITIALIZED_AUTOS = YES_AGGRESSIVE;
				GCC_WARN_UNUSED_FUNCTION = YES;
				GCC_WARN_UNUSED_VARIABLE = YES;
				IPHONEOS_DEPLOYMENT_TARGET = 15.6;
				MTL_ENABLE_DEBUG_INFO = INCLUDE_SOURCE;
				MTL_FAST_MATH = YES;
				ONLY_ACTIVE_ARCH = YES;
				SDKROOT = iphoneos;
				SWIFT_ACTIVE_COMPILATION_CONDITIONS = DEBUG;
				SWIFT_OPTIMIZATION_LEVEL = "-Onone";
			};
			name = Debug;
		};
		B52AACB12AD559D800BE3FDE /* Release */ = {
			isa = XCBuildConfiguration;
			buildSettings = {
				ALWAYS_SEARCH_USER_PATHS = NO;
				CLANG_ANALYZER_NONNULL = YES;
				CLANG_ANALYZER_NUMBER_OBJECT_CONVERSION = YES_AGGRESSIVE;
				CLANG_CXX_LANGUAGE_STANDARD = "gnu++20";
				CLANG_ENABLE_MODULES = YES;
				CLANG_ENABLE_OBJC_ARC = YES;
				CLANG_ENABLE_OBJC_WEAK = YES;
				CLANG_WARN_BLOCK_CAPTURE_AUTORELEASING = YES;
				CLANG_WARN_BOOL_CONVERSION = YES;
				CLANG_WARN_COMMA = YES;
				CLANG_WARN_CONSTANT_CONVERSION = YES;
				CLANG_WARN_DEPRECATED_OBJC_IMPLEMENTATIONS = YES;
				CLANG_WARN_DIRECT_OBJC_ISA_USAGE = YES_ERROR;
				CLANG_WARN_DOCUMENTATION_COMMENTS = YES;
				CLANG_WARN_EMPTY_BODY = YES;
				CLANG_WARN_ENUM_CONVERSION = YES;
				CLANG_WARN_INFINITE_RECURSION = YES;
				CLANG_WARN_INT_CONVERSION = YES;
				CLANG_WARN_NON_LITERAL_NULL_CONVERSION = YES;
				CLANG_WARN_OBJC_IMPLICIT_RETAIN_SELF = YES;
				CLANG_WARN_OBJC_LITERAL_CONVERSION = YES;
				CLANG_WARN_OBJC_ROOT_CLASS = YES_ERROR;
				CLANG_WARN_QUOTED_INCLUDE_IN_FRAMEWORK_HEADER = YES;
				CLANG_WARN_RANGE_LOOP_ANALYSIS = YES;
				CLANG_WARN_STRICT_PROTOTYPES = YES;
				CLANG_WARN_SUSPICIOUS_MOVE = YES;
				CLANG_WARN_UNGUARDED_AVAILABILITY = YES_AGGRESSIVE;
				CLANG_WARN_UNREACHABLE_CODE = YES;
				CLANG_WARN__DUPLICATE_METHOD_MATCH = YES;
				COPY_PHASE_STRIP = NO;
				DEBUG_INFORMATION_FORMAT = "dwarf-with-dsym";
				ENABLE_NS_ASSERTIONS = NO;
				ENABLE_STRICT_OBJC_MSGSEND = YES;
				GCC_C_LANGUAGE_STANDARD = gnu11;
				GCC_NO_COMMON_BLOCKS = YES;
				GCC_WARN_64_TO_32_BIT_CONVERSION = YES;
				GCC_WARN_ABOUT_RETURN_TYPE = YES_ERROR;
				GCC_WARN_UNDECLARED_SELECTOR = YES;
				GCC_WARN_UNINITIALIZED_AUTOS = YES_AGGRESSIVE;
				GCC_WARN_UNUSED_FUNCTION = YES;
				GCC_WARN_UNUSED_VARIABLE = YES;
				IPHONEOS_DEPLOYMENT_TARGET = 15.6;
				MTL_ENABLE_DEBUG_INFO = NO;
				MTL_FAST_MATH = YES;
				SDKROOT = iphoneos;
				SWIFT_COMPILATION_MODE = wholemodule;
				SWIFT_OPTIMIZATION_LEVEL = "-O";
				VALIDATE_PRODUCT = YES;
			};
			name = Release;
		};
		B52AACB32AD559D800BE3FDE /* Debug */ = {
			isa = XCBuildConfiguration;
			buildSettings = {
				ASSETCATALOG_COMPILER_APPICON_NAME = AppIcon;
				ASSETCATALOG_COMPILER_GLOBAL_ACCENT_COLOR_NAME = AccentColor;
				CODE_SIGN_STYLE = Automatic;
				CURRENT_PROJECT_VERSION = 1;
				DEVELOPMENT_TEAM = J246HBQE3Y;
				GENERATE_INFOPLIST_FILE = YES;
				INFOPLIST_FILE = TeladocRJ/SupportingFiles/Info.plist;
				INFOPLIST_KEY_UIApplicationSupportsIndirectInputEvents = YES;
				INFOPLIST_KEY_UILaunchStoryboardName = LaunchScreen;
				INFOPLIST_KEY_UISupportedInterfaceOrientations_iPad = "UIInterfaceOrientationPortrait UIInterfaceOrientationPortraitUpsideDown UIInterfaceOrientationLandscapeLeft UIInterfaceOrientationLandscapeRight";
				INFOPLIST_KEY_UISupportedInterfaceOrientations_iPhone = "UIInterfaceOrientationPortrait UIInterfaceOrientationLandscapeLeft UIInterfaceOrientationLandscapeRight";
				LD_RUNPATH_SEARCH_PATHS = (
					"$(inherited)",
					"@executable_path/Frameworks",
				);
				MARKETING_VERSION = 1.0;
				PRODUCT_BUNDLE_IDENTIFIER = com.konstantin.ionin.TeladocRJ;
				PRODUCT_NAME = "$(TARGET_NAME)";
				SWIFT_EMIT_LOC_STRINGS = YES;
				SWIFT_VERSION = 5.0;
				TARGETED_DEVICE_FAMILY = "1,2";
			};
			name = Debug;
		};
		B52AACB42AD559D800BE3FDE /* Release */ = {
			isa = XCBuildConfiguration;
			buildSettings = {
				ASSETCATALOG_COMPILER_APPICON_NAME = AppIcon;
				ASSETCATALOG_COMPILER_GLOBAL_ACCENT_COLOR_NAME = AccentColor;
				CODE_SIGN_STYLE = Automatic;
				CURRENT_PROJECT_VERSION = 1;
				DEVELOPMENT_TEAM = J246HBQE3Y;
				GENERATE_INFOPLIST_FILE = YES;
				INFOPLIST_FILE = TeladocRJ/SupportingFiles/Info.plist;
				INFOPLIST_KEY_UIApplicationSupportsIndirectInputEvents = YES;
				INFOPLIST_KEY_UILaunchStoryboardName = LaunchScreen;
				INFOPLIST_KEY_UISupportedInterfaceOrientations_iPad = "UIInterfaceOrientationPortrait UIInterfaceOrientationPortraitUpsideDown UIInterfaceOrientationLandscapeLeft UIInterfaceOrientationLandscapeRight";
				INFOPLIST_KEY_UISupportedInterfaceOrientations_iPhone = "UIInterfaceOrientationPortrait UIInterfaceOrientationLandscapeLeft UIInterfaceOrientationLandscapeRight";
				LD_RUNPATH_SEARCH_PATHS = (
					"$(inherited)",
					"@executable_path/Frameworks",
				);
				MARKETING_VERSION = 1.0;
				PRODUCT_BUNDLE_IDENTIFIER = com.konstantin.ionin.TeladocRJ;
				PRODUCT_NAME = "$(TARGET_NAME)";
				SWIFT_EMIT_LOC_STRINGS = YES;
				SWIFT_VERSION = 5.0;
				TARGETED_DEVICE_FAMILY = "1,2";
			};
			name = Release;
		};
		B52AACB62AD559D800BE3FDE /* Debug */ = {
			isa = XCBuildConfiguration;
			buildSettings = {
				ALWAYS_EMBED_SWIFT_STANDARD_LIBRARIES = YES;
				BUNDLE_LOADER = "$(TEST_HOST)";
				CODE_SIGN_STYLE = Automatic;
				CURRENT_PROJECT_VERSION = 1;
				DEVELOPMENT_TEAM = J246HBQE3Y;
				GENERATE_INFOPLIST_FILE = YES;
				IPHONEOS_DEPLOYMENT_TARGET = 16.4;
				MARKETING_VERSION = 1.0;
				PRODUCT_BUNDLE_IDENTIFIER = com.konstantin.ionin.TeladocRJTests;
				PRODUCT_NAME = "$(TARGET_NAME)";
				SWIFT_EMIT_LOC_STRINGS = NO;
				SWIFT_VERSION = 5.0;
				TARGETED_DEVICE_FAMILY = "1,2";
				TEST_HOST = "$(BUILT_PRODUCTS_DIR)/TeladocRJ.app/$(BUNDLE_EXECUTABLE_FOLDER_PATH)/TeladocRJ";
			};
			name = Debug;
		};
		B52AACB72AD559D800BE3FDE /* Release */ = {
			isa = XCBuildConfiguration;
			buildSettings = {
				ALWAYS_EMBED_SWIFT_STANDARD_LIBRARIES = YES;
				BUNDLE_LOADER = "$(TEST_HOST)";
				CODE_SIGN_STYLE = Automatic;
				CURRENT_PROJECT_VERSION = 1;
				DEVELOPMENT_TEAM = J246HBQE3Y;
				GENERATE_INFOPLIST_FILE = YES;
				IPHONEOS_DEPLOYMENT_TARGET = 16.4;
				MARKETING_VERSION = 1.0;
				PRODUCT_BUNDLE_IDENTIFIER = com.konstantin.ionin.TeladocRJTests;
				PRODUCT_NAME = "$(TARGET_NAME)";
				SWIFT_EMIT_LOC_STRINGS = NO;
				SWIFT_VERSION = 5.0;
				TARGETED_DEVICE_FAMILY = "1,2";
				TEST_HOST = "$(BUILT_PRODUCTS_DIR)/TeladocRJ.app/$(BUNDLE_EXECUTABLE_FOLDER_PATH)/TeladocRJ";
			};
			name = Release;
		};
		B52AACB92AD559D800BE3FDE /* Debug */ = {
			isa = XCBuildConfiguration;
			buildSettings = {
				ALWAYS_EMBED_SWIFT_STANDARD_LIBRARIES = YES;
				CODE_SIGN_STYLE = Automatic;
				CURRENT_PROJECT_VERSION = 1;
				DEVELOPMENT_TEAM = J246HBQE3Y;
				GENERATE_INFOPLIST_FILE = YES;
				MARKETING_VERSION = 1.0;
				PRODUCT_BUNDLE_IDENTIFIER = com.konstantin.ionin.TeladocRJUITests;
				PRODUCT_NAME = "$(TARGET_NAME)";
				SWIFT_EMIT_LOC_STRINGS = NO;
				SWIFT_VERSION = 5.0;
				TARGETED_DEVICE_FAMILY = "1,2";
				TEST_TARGET_NAME = TeladocRJ;
			};
			name = Debug;
		};
		B52AACBA2AD559D800BE3FDE /* Release */ = {
			isa = XCBuildConfiguration;
			buildSettings = {
				ALWAYS_EMBED_SWIFT_STANDARD_LIBRARIES = YES;
				CODE_SIGN_STYLE = Automatic;
				CURRENT_PROJECT_VERSION = 1;
				DEVELOPMENT_TEAM = J246HBQE3Y;
				GENERATE_INFOPLIST_FILE = YES;
				MARKETING_VERSION = 1.0;
				PRODUCT_BUNDLE_IDENTIFIER = com.konstantin.ionin.TeladocRJUITests;
				PRODUCT_NAME = "$(TARGET_NAME)";
				SWIFT_EMIT_LOC_STRINGS = NO;
				SWIFT_VERSION = 5.0;
				TARGETED_DEVICE_FAMILY = "1,2";
				TEST_TARGET_NAME = TeladocRJ;
			};
			name = Release;
		};
/* End XCBuildConfiguration section */

/* Begin XCConfigurationList section */
		B52AAC832AD559D700BE3FDE /* Build configuration list for PBXProject "TeladocRJ" */ = {
			isa = XCConfigurationList;
			buildConfigurations = (
				B52AACB02AD559D800BE3FDE /* Debug */,
				B52AACB12AD559D800BE3FDE /* Release */,
			);
			defaultConfigurationIsVisible = 0;
			defaultConfigurationName = Release;
		};
		B52AACB22AD559D800BE3FDE /* Build configuration list for PBXNativeTarget "TeladocRJ" */ = {
			isa = XCConfigurationList;
			buildConfigurations = (
				B52AACB32AD559D800BE3FDE /* Debug */,
				B52AACB42AD559D800BE3FDE /* Release */,
			);
			defaultConfigurationIsVisible = 0;
			defaultConfigurationName = Release;
		};
		B52AACB52AD559D800BE3FDE /* Build configuration list for PBXNativeTarget "TeladocRJTests" */ = {
			isa = XCConfigurationList;
			buildConfigurations = (
				B52AACB62AD559D800BE3FDE /* Debug */,
				B52AACB72AD559D800BE3FDE /* Release */,
			);
			defaultConfigurationIsVisible = 0;
			defaultConfigurationName = Release;
		};
		B52AACB82AD559D800BE3FDE /* Build configuration list for PBXNativeTarget "TeladocRJUITests" */ = {
			isa = XCConfigurationList;
			buildConfigurations = (
				B52AACB92AD559D800BE3FDE /* Debug */,
				B52AACBA2AD559D800BE3FDE /* Release */,
			);
			defaultConfigurationIsVisible = 0;
			defaultConfigurationName = Release;
		};
/* End XCConfigurationList section */
	};
	rootObject = B52AAC802AD559D700BE3FDE /* Project object */;
}
